
Microsoft Visual Studio Solution File, Format Version 11.00
# Visual Studio 2010
Project("{FAE04EC0-301F-11D3-BF4B-00C04F79EFBC}") = "Automata", "Automata\Automata.csproj", "{3CED3AC1-4916-47EC-8F21-FD99AAF0AE5B}"
EndProject
Project("{FAE04EC0-301F-11D3-BF4B-00C04F79EFBC}") = "AutomataTest", "AutomataTest\AutomataTest.csproj", "{4DB18279-023E-4861-8835-669FBDEB6E41}"
EndProject
Project("{2150E333-8FDC-42A3-9474-1A3956D46DE8}") = "Solution Items", "Solution Items", "{428C7595-C9EC-4B30-9858-8FE8F42DDC30}"
	ProjectSection(SolutionItems) = preProject
		Automata.vsmdi = Automata.vsmdi
		Local.testsettings = Local.testsettings
		TraceAndTestImpact.testsettings = TraceAndTestImpact.testsettings
	EndProjectSection
EndProject
Global
	GlobalSection(TestCaseManagementSettings) = postSolution
		CategoryFile = Automata.vsmdi
	EndGlobalSection
	GlobalSection(SolutionConfigurationPlatforms) = preSolution
		Debug|Any CPU = Debug|Any CPU
		Debug|Mixed Platforms = Debug|Mixed Platforms
		Debug|x86 = Debug|x86
		Release|Any CPU = Release|Any CPU
		Release|Mixed Platforms = Release|Mixed Platforms
		Release|x86 = Release|x86
	EndGlobalSection
	GlobalSection(ProjectConfigurationPlatforms) = postSolution
		{3CED3AC1-4916-47EC-8F21-FD99AAF0AE5B}.Debug|Any CPU.ActiveCfg = Debug|x86
		{3CED3AC1-4916-47EC-8F21-FD99AAF0AE5B}.Debug|Mixed Platforms.ActiveCfg = Debug|x86
		{3CED3AC1-4916-47EC-8F21-FD99AAF0AE5B}.Debug|Mixed Platforms.Build.0 = Debug|x86
		{3CED3AC1-4916-47EC-8F21-FD99AAF0AE5B}.Debug|x86.ActiveCfg = Debug|x86
		{3CED3AC1-4916-47EC-8F21-FD99AAF0AE5B}.Debug|x86.Build.0 = Debug|x86
		{3CED3AC1-4916-47EC-8F21-FD99AAF0AE5B}.Release|Any CPU.ActiveCfg = Release|x86
		{3CED3AC1-4916-47EC-8F21-FD99AAF0AE5B}.Release|Mixed Platforms.ActiveCfg = Release|x86
		{3CED3AC1-4916-47EC-8F21-FD99AAF0AE5B}.Release|Mixed Platforms.Build.0 = Release|x86
		{3CED3AC1-4916-47EC-8F21-FD99AAF0AE5B}.Release|x86.ActiveCfg = Release|x86
		{3CED3AC1-4916-47EC-8F21-FD99AAF0AE5B}.Release|x86.Build.0 = Release|x86
		{4DB18279-023E-4861-8835-669FBDEB6E41}.Debug|Any CPU.ActiveCfg = Debug|Any CPU
		{4DB18279-023E-4861-8835-669FBDEB6E41}.Debug|Any CPU.Build.0 = Debug|Any CPU
		{4DB18279-023E-4861-8835-669FBDEB6E41}.Debug|Mixed Platforms.ActiveCfg = Debug|Any CPU
		{4DB18279-023E-4861-8835-669FBDEB6E41}.Debug|Mixed Platforms.Build.0 = Debug|Any CPU
		{4DB18279-023E-4861-8835-669FBDEB6E41}.Debug|x86.ActiveCfg = Debug|Any CPU
		{4DB18279-023E-4861-8835-669FBDEB6E41}.Release|Any CPU.ActiveCfg = Release|Any CPU
		{4DB18279-023E-4861-8835-669FBDEB6E41}.Release|Any CPU.Build.0 = Release|Any CPU
		{4DB18279-023E-4861-8835-669FBDEB6E41}.Release|Mixed Platforms.ActiveCfg = Release|Any CPU
		{4DB18279-023E-4861-8835-669FBDEB6E41}.Release|Mixed Platforms.Build.0 = Release|Any CPU
		{4DB18279-023E-4861-8835-669FBDEB6E41}.Release|x86.ActiveCfg = Release|Any CPU
	EndGlobalSection
	GlobalSection(SolutionProperties) = preSolution
		HideSolutionNode = FALSE
	EndGlobalSection
EndGlobal
